Microsoft Visual Studio Solution File, Format Version 12.00
# Visual Studio 2012
Project("{FAE04EC0-301F-11D3-BF4B-00C04F79EFBC}") = "GhostlyPlatformer", "GhostlyPlatformer.csproj", "{B9C47983-93FB-451D-89D2-7077C66393AF}"
EndProject
Global
	GlobalSection(SolutionConfigurationPlatforms) = preSolution
	Debug|Any CPU = Debug|Any CPU
	ExportDebug|Any CPU = ExportDebug|Any CPU
	ExportRelease|Any CPU = ExportRelease|Any CPU
	EndGlobalSection
	GlobalSection(ProjectConfigurationPlatforms) = postSolution
		{B9C47983-93FB-451D-89D2-7077C66393AF}.Debug|Any CPU.ActiveCfg = Debug|Any CPU
		{B9C47983-93FB-451D-89D2-7077C66393AF}.Debug|Any CPU.Build.0 = Debug|Any CPU
		{B9C47983-93FB-451D-89D2-7077C66393AF}.ExportDebug|Any CPU.ActiveCfg = ExportDebug|Any CPU
		{B9C47983-93FB-451D-89D2-7077C66393AF}.ExportDebug|Any CPU.Build.0 = ExportDebug|Any CPU
		{B9C47983-93FB-451D-89D2-7077C66393AF}.ExportRelease|Any CPU.ActiveCfg = ExportRelease|Any CPU
		{B9C47983-93FB-451D-89D2-7077C66393AF}.ExportRelease|Any CPU.Build.0 = ExportRelease|Any CPU
	EndGlobalSection
EndGlobal
